{
  "name": "breakfast",
  "version": "1.0.0",
  "lockfileVersion": 1,
  "requires": true,
  "dependencies": {
    "@11ty/eleventy-navigation": {
      "version": "0.1.6",
      "resolved": "https://registry.npmjs.org/@11ty/eleventy-navigation/-/eleventy-navigation-0.1.6.tgz",
      "integrity": "sha512-ZGZebFEEDiJoS7BvxxiWrKdsCodNkqCsQ7S75IIvaPynHvojqcCVtS4uZk54K+LC+YqL5+T716TlsMG6Mc2p0g==",
      "dev": true,
      "requires": {
        "dependency-graph": "^0.8.1"
      }
    },
    "dependency-graph": {
      "version": "0.8.1",
      "resolved": "https://registry.npmjs.org/dependency-graph/-/dependency-graph-0.8.1.tgz",
      "integrity": "sha512-g213uqF8fyk40W8SBjm079n3CZB4qSpCrA2ye1fLGzH/4HEgB6tzuW2CbLE7leb4t45/6h44Ud59Su1/ROTfqw==",
      "dev": true
    }
  }
}
